// !$*UTF8*$!
{
	archiveVersion = 1;
	classes = {
	};
	objectVersion = 77;
	objects = {

/* Begin PBXContainerItemProxy section */
		9B8B08B62CB30F5C00F53AA5 /* PBXContainerItemProxy */ = {
			isa = PBXContainerItemProxy;
			containerPortal = 9B8B089D2CB30F5A00F53AA5 /* Project object */;
			proxyType = 1;
			remoteGlobalIDString = 9B8B08A42CB30F5A00F53AA5;
			remoteInfo = "Fit Track";
		};
		9B8B08C02CB30F5C00F53AA5 /* PBXContainerItemProxy */ = {
			isa = PBXContainerItemProxy;
			containerPortal = 9B8B089D2CB30F5A00F53AA5 /* Project object */;
			proxyType = 1;
			remoteGlobalIDString = 9B8B08A42CB30F5A00F53AA5;
			remoteInfo = "Fit Track";
		};
/* End PBXContainerItemProxy section */

/* Begin PBXFileReference section */
		9B8B08A52CB30F5A00F53AA5 /* Fit Track.app */ = {isa = PBXFileReference; explicitFileType = wrapper.application; includeInIndex = 0; path = "Fit Track.app"; sourceTree = BUILT_PRODUCTS_DIR; };
		9B8B08B52CB30F5C00F53AA5 /* Fit TrackTests.xctest */ = {isa = PBXFileReference; explicitFileType = wrapper.cfbundle; includeInIndex = 0; path = "Fit TrackTests.xctest"; sourceTree = BUILT_PRODUCTS_DIR; };
		9B8B08BF2CB30F5C00F53AA5 /* Fit TrackUITests.xctest */ = {isa = PBXFileReference; explicitFileType = wrapper.cfbundle; includeInIndex = 0; path = "Fit TrackUITests.xctest"; sourceTree = BUILT_PRODUCTS_DIR; };
/* End PBXFileReference section */

/* Begin PBXFileSystemSynchronizedRootGroup section */
		9B8B08A72CB30F5A00F53AA5 /* Fit Track */ = {
			isa = PBXFileSystemSynchronizedRootGroup;
			path = "Fit Track";
			sourceTree = "<group>";
		};
		9B8B08B82CB30F5C00F53AA5 /* Fit TrackTests */ = {
			isa = PBXFileSystemSynchronizedRootGroup;
			path = "Fit TrackTests";
			sourceTree = "<group>";
		};
		9B8B08C22CB30F5C00F53AA5 /* Fit TrackUITests */ = {
			isa = PBXFileSystemSynchronizedRootGroup;
			path = "Fit TrackUITests";
			sourceTree = "<group>";
		};
/* End PBXFileSystemSynchronizedRootGroup section */

/* Begin PBXFrameworksBuildPhase section */
		9B8B08A22CB30F5A00F53AA5 /* Frameworks */ = {
			isa = PBXFrameworksBuildPhase;
			buildActionMask = 2147483647;
			files = (
			);
			runOnlyForDeploymentPostprocessing = 0;
		};
		9B8B08B22CB30F5C00F53AA5 /* Frameworks */ = {
			isa = PBXFrameworksBuildPhase;
			buildActionMask = 2147483647;
			files = (
			);
			runOnlyForDeploymentPostprocessing = 0;
		};
		9B8B08BC2CB30F5C00F53AA5 /* Frameworks */ = {
			isa = PBXFrameworksBuildPhase;
			buildActionMask = 2147483647;
			files = (
			);
			runOnlyForDeploymentPostprocessing = 0;
		};
/* End PBXFrameworksBuildPhase section */

/* Begin PBXGroup section */
		9B8B089C2CB30F5A00F53AA5 = {
			isa = PBXGroup;
			children = (
				9B8B08A72CB30F5A00F53AA5 /* Fit Track */,
				9B8B08B82CB30F5C00F53AA5 /* Fit TrackTests */,
				9B8B08C22CB30F5C00F53AA5 /* Fit TrackUITests */,
				9B8B08A62CB30F5A00F53AA5 /* Products */,
			);
			sourceTree = "<group>";
		};
		9B8B08A62CB30F5A00F53AA5 /* Products */ = {
			isa = PBXGroup;
			children = (
				9B8B08A52CB30F5A00F53AA5 /* Fit Track.app */,
				9B8B08B52CB30F5C00F53AA5 /* Fit TrackTests.xctest */,
				9B8B08BF2CB30F5C00F53AA5 /* Fit TrackUITests.xctest */,
			);
			name = Products;
			sourceTree = "<group>";
		};
/* End PBXGroup section */

/* Begin PBXNativeTarget section */
		9B8B08A42CB30F5A00F53AA5 /* Fit Track */ = {
			isa = PBXNativeTarget;
			buildConfigurationList = 9B8B08C92CB30F5C00F53AA5 /* Build configuration list for PBXNativeTarget "Fit Track" */;
			buildPhases = (
				9B8B08A12CB30F5A00F53AA5 /* Sources */,
				9B8B08A22CB30F5A00F53AA5 /* Frameworks */,
				9B8B08A32CB30F5A00F53AA5 /* Resources */,
			);
			buildRules = (
			);
			dependencies = (
			);
			fileSystemSynchronizedGroups = (
				9B8B08A72CB30F5A00F53AA5 /* Fit Track */,
			);
			name = "Fit Track";
			packageProductDependencies = (
			);
			productName = "Fit Track";
			productReference = 9B8B08A52CB30F5A00F53AA5 /* Fit Track.app */;
			productType = "com.apple.product-type.application";
		};
		9B8B08B42CB30F5C00F53AA5 /* Fit TrackTests */ = {
			isa = PBXNativeTarget;
			buildConfigurationList = 9B8B08CC2CB30F5C00F53AA5 /* Build configuration list for PBXNativeTarget "Fit TrackTests" */;
			buildPhases = (
				9B8B08B12CB30F5C00F53AA5 /* Sources */,
				9B8B08B22CB30F5C00F53AA5 /* Frameworks */,
				9B8B08B32CB30F5C00F53AA5 /* Resources */,
			);
			buildRules = (
			);
			dependencies = (
				9B8B08B72CB30F5C00F53AA5 /* PBXTargetDependency */,
			);
			fileSystemSynchronizedGroups = (
				9B8B08B82CB30F5C00F53AA5 /* Fit TrackTests */,
			);
			name = "Fit TrackTests";
			packageProductDependencies = (
			);
			productName = "Fit TrackTests";
			productReference = 9B8B08B52CB30F5C00F53AA5 /* Fit TrackTests.xctest */;
			productType = "com.apple.product-type.bundle.unit-test";
		};
		9B8B08BE2CB30F5C00F53AA5 /* Fit TrackUITests */ = {
			isa = PBXNativeTarget;
			buildConfigurationList = 9B8B08CF2CB30F5C00F53AA5 /* Build configuration list for PBXNativeTarget "Fit TrackUITests" */;
			buildPhases = (
				9B8B08BB2CB30F5C00F53AA5 /* Sources */,
				9B8B08BC2CB30F5C00F53AA5 /* Frameworks */,
				9B8B08BD2CB30F5C00F53AA5 /* Resources */,
			);
			buildRules = (
			);
			dependencies = (
				9B8B08C12CB30F5C00F53AA5 /* PBXTargetDependency */,
			);
			fileSystemSynchronizedGroups = (
				9B8B08C22CB30F5C00F53AA5 /* Fit TrackUITests */,
			);
			name = "Fit TrackUITests";
			packageProductDependencies = (
			);
			productName = "Fit TrackUITests";
			productReference = 9B8B08BF2CB30F5C00F53AA5 /* Fit TrackUITests.xctest */;
			productType = "com.apple.product-type.bundle.ui-testing";
		};
/* End PBXNativeTarget section */

/* Begin PBXProject section */
		9B8B089D2CB30F5A00F53AA5 /* Project object */ = {
			isa = PBXProject;
			attributes = {
				BuildIndependentTargetsInParallel = 1;
				LastSwiftUpdateCheck = 1600;
				LastUpgradeCheck = 1600;
				TargetAttributes = {
					9B8B08A42CB30F5A00F53AA5 = {
						CreatedOnToolsVersion = 16.0;
					};
					9B8B08B42CB30F5C00F53AA5 = {
						CreatedOnToolsVersion = 16.0;
						TestTargetID = 9B8B08A42CB30F5A00F53AA5;
					};
					9B8B08BE2CB30F5C00F53AA5 = {
						CreatedOnToolsVersion = 16.0;
						TestTargetID = 9B8B08A42CB30F5A00F53AA5;
					};
				};
			};
			buildConfigurationList = 9B8B08A02CB30F5A00F53AA5 /* Build configuration list for PBXProject "Fit Track" */;
			developmentRegion = en;
			hasScannedForEncodings = 0;
			knownRegions = (
				en,
				Base,
			);
			mainGroup = 9B8B089C2CB30F5A00F53AA5;
			minimizedProjectReferenceProxies = 1;
			preferredProjectObjectVersion = 77;
			productRefGroup = 9B8B08A62CB30F5A00F53AA5 /* Products */;
			projectDirPath = "";
			projectRoot = "";
			targets = (
				9B8B08A42CB30F5A00F53AA5 /* Fit Track */,
				9B8B08B42CB30F5C00F53AA5 /* Fit TrackTests */,
				9B8B08BE2CB30F5C00F53AA5 /* Fit TrackUITests */,
			);
		};
/* End PBXProject section */

/* Begin PBXResourcesBuildPhase section */
		9B8B08A32CB30F5A00F53AA5 /* Resources */ = {
			isa = PBXResourcesBuildPhase;
			buildActionMask = 2147483647;
			files = (
			);
			runOnlyForDeploymentPostprocessing = 0;
		};
		9B8B08B32CB30F5C00F53AA5 /* Resources */ = {
			isa = PBXResourcesBuildPhase;
			buildActionMask = 2147483647;
			files = (
			);
			runOnlyForDeploymentPostprocessing = 0;
		};
		9B8B08BD2CB30F5C00F53AA5 /* Resources */ = {
			isa = PBXResourcesBuildPhase;
			buildActionMask = 2147483647;
			files = (
			);
			runOnlyForDeploymentPostprocessing = 0;
		};
/* End PBXResourcesBuildPhase section */

/* Begin PBXSourcesBuildPhase section */
		9B8B08A12CB30F5A00F53AA5 /* Sources */ = {
			isa = PBXSourcesBuildPhase;
			buildActionMask = 2147483647;
			files = (
			);
			runOnlyForDeploymentPostprocessing = 0;
		};
		9B8B08B12CB30F5C00F53AA5 /* Sources */ = {
			isa = PBXSourcesBuildPhase;
			buildActionMask = 2147483647;
			files = (
			);
			runOnlyForDeploymentPostprocessing = 0;
		};
		9B8B08BB2CB30F5C00F53AA5 /* Sources */ = {
			isa = PBXSourcesBuildPhase;
			buildActionMask = 2147483647;
			files = (
			);
			runOnlyForDeploymentPostprocessing = 0;
		};
/* End PBXSourcesBuildPhase section */

/* Begin PBXTargetDependency section */
		9B8B08B72CB30F5C00F53AA5 /* PBXTargetDependency */ = {
			isa = PBXTargetDependency;
			target = 9B8B08A42CB30F5A00F53AA5 /* Fit Track */;
			targetProxy = 9B8B08B62CB30F5C00F53AA5 /* PBXContainerItemProxy */;
		};
		9B8B08C12CB30F5C00F53AA5 /* PBXTargetDependency */ = {
			isa = PBXTargetDependency;
			target = 9B8B08A42CB30F5A00F53AA5 /* Fit Track */;
			targetProxy = 9B8B08C02CB30F5C00F53AA5 /* PBXContainerItemProxy */;
		};
/* End PBXTargetDependency section */

/* Begin XCBuildConfiguration section */
		9B8B08C72CB30F5C00F53AA5 /* Debug */ = {
			isa = XCBuildConfiguration;
			buildSettings = {
				ALWAYS_SEARCH_USER_PATHS = NO;
				ASSETCATALOG_COMPILER_GENERATE_SWIFT_ASSET_SYMBOL_EXTENSIONS = YES;
				CLANG_ANALYZER_NONNULL = YES;
				CLANG_ANALYZER_NUMBER_OBJECT_CONVERSION = YES_AGGRESSIVE;
				CLANG_CXX_LANGUAGE_STANDARD = "gnu++20";
				CLANG_ENABLE_MODULES = YES;
				CLANG_ENABLE_OBJC_ARC = YES;
				CLANG_ENABLE_OBJC_WEAK = YES;
				CLANG_WARN_BLOCK_CAPTURE_AUTORELEASING = YES;
				CLANG_WARN_BOOL_CONVERSION = YES;
				CLANG_WARN_COMMA = YES;
				CLANG_WARN_CONSTANT_CONVERSION = YES;
				CLANG_WARN_DEPRECATED_OBJC_IMPLEMENTATIONS = YES;
				CLANG_WARN_DIRECT_OBJC_ISA_USAGE = YES_ERROR;
				CLANG_WARN_DOCUMENTATION_COMMENTS = YES;
				CLANG_WARN_EMPTY_BODY = YES;
				CLANG_WARN_ENUM_CONVERSION = YES;
				CLANG_WARN_INFINITE_RECURSION = YES;
				CLANG_WARN_INT_CONVERSION = YES;
				CLANG_WARN_NON_LITERAL_NULL_CONVERSION = YES;
				CLANG_WARN_OBJC_IMPLICIT_RETAIN_SELF = YES;
				CLANG_WARN_OBJC_LITERAL_CONVERSION = YES;
				CLANG_WARN_OBJC_ROOT_CLASS = YES_ERROR;
				CLANG_WARN_QUOTED_INCLUDE_IN_FRAMEWORK_HEADER = YES;
				CLANG_WARN_RANGE_LOOP_ANALYSIS = YES;
				CLANG_WARN_STRICT_PROTOTYPES = YES;
				CLANG_WARN_SUSPICIOUS_MOVE = YES;
				CLANG_WARN_UNGUARDED_AVAILABILITY = YES_AGGRESSIVE;
				CLANG_WARN_UNREACHABLE_CODE = YES;
				CLANG_WARN__DUPLICATE_METHOD_MATCH = YES;
				COPY_PHASE_STRIP = NO;
				DEBUG_INFORMATION_FORMAT = dwarf;
				ENABLE_STRICT_OBJC_MSGSEND = YES;
				ENABLE_TESTABILITY = YES;
				ENABLE_USER_SCRIPT_SANDBOXING = YES;
				GCC_C_LANGUAGE_STANDARD = gnu17;
				GCC_DYNAMIC_NO_PIC = NO;
				GCC_NO_COMMON_BLOCKS = YES;
				GCC_OPTIMIZATION_LEVEL = 0;
				GCC_PREPROCESSOR_DEFINITIONS = (
					"DEBUG=1",
					"$(inherited)",
				);
				GCC_WARN_64_TO_32_BIT_CONVERSION = YES;
				GCC_WARN_ABOUT_RETURN_TYPE = YES_ERROR;
				GCC_WARN_UNDECLARED_SELECTOR = YES;
				GCC_WARN_UNINITIALIZED_AUTOS = YES_AGGRESSIVE;
				GCC_WARN_UNUSED_FUNCTION = YES;
				GCC_WARN_UNUSED_VARIABLE = YES;
				IPHONEOS_DEPLOYMENT_TARGET = 18.0;
				LOCALIZATION_PREFERS_STRING_CATALOGS = YES;
				MTL_ENABLE_DEBUG_INFO = INCLUDE_SOURCE;
				MTL_FAST_MATH = YES;
				ONLY_ACTIVE_ARCH = YES;
				SDKROOT = iphoneos;
				SWIFT_ACTIVE_COMPILATION_CONDITIONS = "DEBUG $(inherited)";
				SWIFT_OPTIMIZATION_LEVEL = "-Onone";
			};
			name = Debug;
		};
		9B8B08C82CB30F5C00F53AA5 /* Release */ = {
			isa = XCBuildConfiguration;
			buildSettings = {
				ALWAYS_SEARCH_USER_PATHS = NO;
				ASSETCATALOG_COMPILER_GENERATE_SWIFT_ASSET_SYMBOL_EXTENSIONS = YES;
				CLANG_ANALYZER_NONNULL = YES;
				CLANG_ANALYZER_NUMBER_OBJECT_CONVERSION = YES_AGGRESSIVE;
				CLANG_CXX_LANGUAGE_STANDARD = "gnu++20";
				CLANG_ENABLE_MODULES = YES;
				CLANG_ENABLE_OBJC_ARC = YES;
				CLANG_ENABLE_OBJC_WEAK = YES;
				CLANG_WARN_BLOCK_CAPTURE_AUTORELEASING = YES;
				CLANG_WARN_BOOL_CONVERSION = YES;
				CLANG_WARN_COMMA = YES;
				CLANG_WARN_CONSTANT_CONVERSION = YES;
				CLANG_WARN_DEPRECATED_OBJC_IMPLEMENTATIONS = YES;
				CLANG_WARN_DIRECT_OBJC_ISA_USAGE = YES_ERROR;
				CLANG_WARN_DOCUMENTATION_COMMENTS = YES;
				CLANG_WARN_EMPTY_BODY = YES;
				CLANG_WARN_ENUM_CONVERSION = YES;
				CLANG_WARN_INFINITE_RECURSION = YES;
				CLANG_WARN_INT_CONVERSION = YES;
				CLANG_WARN_NON_LITERAL_NULL_CONVERSION = YES;
				CLANG_WARN_OBJC_IMPLICIT_RETAIN_SELF = YES;
				CLANG_WARN_OBJC_LITERAL_CONVERSION = YES;
				CLANG_WARN_OBJC_ROOT_CLASS = YES_ERROR;
				CLANG_WARN_QUOTED_INCLUDE_IN_FRAMEWORK_HEADER = YES;
				CLANG_WARN_RANGE_LOOP_ANALYSIS = YES;
				CLANG_WARN_STRICT_PROTOTYPES = YES;
				CLANG_WARN_SUSPICIOUS_MOVE = YES;
				CLANG_WARN_UNGUARDED_AVAILABILITY = YES_AGGRESSIVE;
				CLANG_WARN_UNREACHABLE_CODE = YES;
				CLANG_WARN__DUPLICATE_METHOD_MATCH = YES;
				COPY_PHASE_STRIP = NO;
				DEBUG_INFORMATION_FORMAT = "dwarf-with-dsym";
				ENABLE_NS_ASSERTIONS = NO;
				ENABLE_STRICT_OBJC_MSGSEND = YES;
				ENABLE_USER_SCRIPT_SANDBOXING = YES;
				GCC_C_LANGUAGE_STANDARD = gnu17;
				GCC_NO_COMMON_BLOCKS = YES;
				GCC_WARN_64_TO_32_BIT_CONVERSION = YES;
				GCC_WARN_ABOUT_RETURN_TYPE = YES_ERROR;
				GCC_WARN_UNDECLARED_SELECTOR = YES;
				GCC_WARN_UNINITIALIZED_AUTOS = YES_AGGRESSIVE;
				GCC_WARN_UNUSED_FUNCTION = YES;
				GCC_WARN_UNUSED_VARIABLE = YES;
				IPHONEOS_DEPLOYMENT_TARGET = 18.0;
				LOCALIZATION_PREFERS_STRING_CATALOGS = YES;
				MTL_ENABLE_DEBUG_INFO = NO;
				MTL_FAST_MATH = YES;
				SDKROOT = iphoneos;
				SWIFT_COMPILATION_MODE = wholemodule;
				VALIDATE_PRODUCT = YES;
			};
			name = Release;
		};
		9B8B08CA2CB30F5C00F53AA5 /* Debug */ = {
			isa = XCBuildConfiguration;
			buildSettings = {
				ASSETCATALOG_COMPILER_APPICON_NAME = AppIcon;
				ASSETCATALOG_COMPILER_GLOBAL_ACCENT_COLOR_NAME = AccentColor;
				CODE_SIGN_STYLE = Automatic;
				CURRENT_PROJECT_VERSION = 1;
				DEVELOPMENT_ASSET_PATHS = "\"Fit Track/Preview Content\"";
				DEVELOPMENT_TEAM = Q9T822S676;
				ENABLE_PREVIEWS = YES;
				GENERATE_INFOPLIST_FILE = YES;
				INFOPLIST_KEY_UIApplicationSceneManifest_Generation = YES;
				INFOPLIST_KEY_UIApplicationSupportsIndirectInputEvents = YES;
				INFOPLIST_KEY_UILaunchScreen_Generation = YES;
				INFOPLIST_KEY_UISupportedInterfaceOrientations_iPad = "UIInterfaceOrientationPortrait UIInterfaceOrientationPortraitUpsideDown UIInterfaceOrientationLandscapeLeft UIInterfaceOrientationLandscapeRight";
				INFOPLIST_KEY_UISupportedInterfaceOrientations_iPhone = "UIInterfaceOrientationPortrait UIInterfaceOrientationLandscapeLeft UIInterfaceOrientationLandscapeRight";
				LD_RUNPATH_SEARCH_PATHS = (
					"$(inherited)",
					"@executable_path/Frameworks",
				);
				MARKETING_VERSION = 1.0;
				PRODUCT_BUNDLE_IDENTIFIER = "com.rohinmadhavan.Fit-Track";
				PRODUCT_NAME = "$(TARGET_NAME)";
				SWIFT_EMIT_LOC_STRINGS = YES;
				SWIFT_VERSION = 5.0;
				TARGETED_DEVICE_FAMILY = "1,2";
			};
			name = Debug;
		};
		9B8B08CB2CB30F5C00F53AA5 /* Release */ = {
			isa = XCBuildConfiguration;
			buildSettings = {
				ASSETCATALOG_COMPILER_APPICON_NAME = AppIcon;
				ASSETCATALOG_COMPILER_GLOBAL_ACCENT_COLOR_NAME = AccentColor;
				CODE_SIGN_STYLE = Automatic;
				CURRENT_PROJECT_VERSION = 1;
				DEVELOPMENT_ASSET_PATHS = "\"Fit Track/Preview Content\"";
				DEVELOPMENT_TEAM = Q9T822S676;
				ENABLE_PREVIEWS = YES;
				GENERATE_INFOPLIST_FILE = YES;
				INFOPLIST_KEY_UIApplicationSceneManifest_Generation = YES;
				INFOPLIST_KEY_UIApplicationSupportsIndirectInputEvents = YES;
				INFOPLIST_KEY_UILaunchScreen_Generation = YES;
				INFOPLIST_KEY_UISupportedInterfaceOrientations_iPad = "UIInterfaceOrientationPortrait UIInterfaceOrientationPortraitUpsideDown UIInterfaceOrientationLandscapeLeft UIInterfaceOrientationLandscapeRight";
				INFOPLIST_KEY_UISupportedInterfaceOrientations_iPhone = "UIInterfaceOrientationPortrait UIInterfaceOrientationLandscapeLeft UIInterfaceOrientationLandscapeRight";
				LD_RUNPATH_SEARCH_PATHS = (
					"$(inherited)",
					"@executable_path/Frameworks",
				);
				MARKETING_VERSION = 1.0;
				PRODUCT_BUNDLE_IDENTIFIER = "com.rohinmadhavan.Fit-Track";
				PRODUCT_NAME = "$(TARGET_NAME)";
				SWIFT_EMIT_LOC_STRINGS = YES;
				SWIFT_VERSION = 5.0;
				TARGETED_DEVICE_FAMILY = "1,2";
			};
			name = Release;
		};
		9B8B08CD2CB30F5C00F53AA5 /* Debug */ = {
			isa = XCBuildConfiguration;
			buildSettings = {
				BUNDLE_LOADER = "$(TEST_HOST)";
				CODE_SIGN_STYLE = Automatic;
				CURRENT_PROJECT_VERSION = 1;
				DEVELOPMENT_TEAM = Q9T822S676;
				GENERATE_INFOPLIST_FILE = YES;
				IPHONEOS_DEPLOYMENT_TARGET = 18.0;
				MARKETING_VERSION = 1.0;
				PRODUCT_BUNDLE_IDENTIFIER = "com.rohinmadhavan.Fit-TrackTests";
				PRODUCT_NAME = "$(TARGET_NAME)";
				SWIFT_EMIT_LOC_STRINGS = NO;
				SWIFT_VERSION = 5.0;
				TARGETED_DEVICE_FAMILY = "1,2";
				TEST_HOST = "$(BUILT_PRODUCTS_DIR)/Fit Track.app/$(BUNDLE_EXECUTABLE_FOLDER_PATH)/Fit Track";
			};
			name = Debug;
		};
		9B8B08CE2CB30F5C00F53AA5 /* Release */ = {
			isa = XCBuildConfiguration;
			buildSettings = {
				BUNDLE_LOADER = "$(TEST_HOST)";
				CODE_SIGN_STYLE = Automatic;
				CURRENT_PROJECT_VERSION = 1;
				DEVELOPMENT_TEAM = Q9T822S676;
				GENERATE_INFOPLIST_FILE = YES;
				IPHONEOS_DEPLOYMENT_TARGET = 18.0;
				MARKETING_VERSION = 1.0;
				PRODUCT_BUNDLE_IDENTIFIER = "com.rohinmadhavan.Fit-TrackTests";
				PRODUCT_NAME = "$(TARGET_NAME)";
				SWIFT_EMIT_LOC_STRINGS = NO;
				SWIFT_VERSION = 5.0;
				TARGETED_DEVICE_FAMILY = "1,2";
				TEST_HOST = "$(BUILT_PRODUCTS_DIR)/Fit Track.app/$(BUNDLE_EXECUTABLE_FOLDER_PATH)/Fit Track";
			};
			name = Release;
		};
		9B8B08D02CB30F5C00F53AA5 /* Debug */ = {
			isa = XCBuildConfiguration;
			buildSettings = {
				CODE_SIGN_STYLE = Automatic;
				CURRENT_PROJECT_VERSION = 1;
				DEVELOPMENT_TEAM = Q9T822S676;
				GENERATE_INFOPLIST_FILE = YES;
				MARKETING_VERSION = 1.0;
				PRODUCT_BUNDLE_IDENTIFIER = "com.rohinmadhavan.Fit-TrackUITests";
				PRODUCT_NAME = "$(TARGET_NAME)";
				SWIFT_EMIT_LOC_STRINGS = NO;
				SWIFT_VERSION = 5.0;
				TARGETED_DEVICE_FAMILY = "1,2";
				TEST_TARGET_NAME = "Fit Track";
			};
			name = Debug;
		};
		9B8B08D12CB30F5C00F53AA5 /* Release */ = {
			isa = XCBuildConfiguration;
			buildSettings = {
				CODE_SIGN_STYLE = Automatic;
				CURRENT_PROJECT_VERSION = 1;
				DEVELOPMENT_TEAM = Q9T822S676;
				GENERATE_INFOPLIST_FILE = YES;
				MARKETING_VERSION = 1.0;
				PRODUCT_BUNDLE_IDENTIFIER = "com.rohinmadhavan.Fit-TrackUITests";
				PRODUCT_NAME = "$(TARGET_NAME)";
				SWIFT_EMIT_LOC_STRINGS = NO;
				SWIFT_VERSION = 5.0;
				TARGETED_DEVICE_FAMILY = "1,2";
				TEST_TARGET_NAME = "Fit Track";
			};
			name = Release;
		};
/* End XCBuildConfiguration section */

/* Begin XCConfigurationList section */
		9B8B08A02CB30F5A00F53AA5 /* Build configuration list for PBXProject "Fit Track" */ = {
			isa = XCConfigurationList;
			buildConfigurations = (
				9B8B08C72CB30F5C00F53AA5 /* Debug */,
				9B8B08C82CB30F5C00F53AA5 /* Release */,
			);
			defaultConfigurationIsVisible = 0;
			defaultConfigurationName = Release;
		};
		9B8B08C92CB30F5C00F53AA5 /* Build configuration list for PBXNativeTarget "Fit Track" */ = {
			isa = XCConfigurationList;
			buildConfigurations = (
				9B8B08CA2CB30F5C00F53AA5 /* Debug */,
				9B8B08CB2CB30F5C00F53AA5 /* Release */,
			);
			defaultConfigurationIsVisible = 0;
			defaultConfigurationName = Release;
		};
		9B8B08CC2CB30F5C00F53AA5 /* Build configuration list for PBXNativeTarget "Fit TrackTests" */ = {
			isa = XCConfigurationList;
			buildConfigurations = (
				9B8B08CD2CB30F5C00F53AA5 /* Debug */,
				9B8B08CE2CB30F5C00F53AA5 /* Release */,
			);
			defaultConfigurationIsVisible = 0;
			defaultConfigurationName = Release;
		};
		9B8B08CF2CB30F5C00F53AA5 /* Build configuration list for PBXNativeTarget "Fit TrackUITests" */ = {
			isa = XCConfigurationList;
			buildConfigurations = (
				9B8B08D02CB30F5C00F53AA5 /* Debug */,
				9B8B08D12CB30F5C00F53AA5 /* Release */,
			);
			defaultConfigurationIsVisible = 0;
			defaultConfigurationName = Release;
		};
/* End XCConfigurationList section */
	};
	rootObject = 9B8B089D2CB30F5A00F53AA5 /* Project object */;
}
